
Microsoft Visual Studio Solution File, Format Version 12.00
# Visual Studio Version 16
VisualStudioVersion = 16.0.28803.352
MinimumVisualStudioVersion = 10.0.40219.1
Project("{9A19103F-16F7-4668-BE54-9A1E7A4F7556}") = "Presentation.Api", "Presentation\Presentation.Api\Presentation.Api.csproj", "{839152E4-1F19-41DC-BC7E-CE09A32E5830}"
EndProject
Project("{2150E333-8FDC-42A3-9474-1A3956D46DE8}") = "4 - Data", "4 - Data", "{CDD2A8E4-827E-4475-AA55-C5B334A916F6}"
EndProject
Project("{2150E333-8FDC-42A3-9474-1A3956D46DE8}") = "1 - Presentation", "1 - Presentation", "{02CACB9B-486E-44C1-9EC2-50E029CB6FCE}"
EndProject
Project("{2150E333-8FDC-42A3-9474-1A3956D46DE8}") = "3 - Domain", "3 - Domain", "{5F69578B-B4CD-444B-AD90-B4B470C3E384}"
EndProject
Project("{2150E333-8FDC-42A3-9474-1A3956D46DE8}") = "5 - Infrastructure", "5 - Infrastructure", "{7FD84A0D-3CCD-4E23-946E-16BE3844B271}"
EndProject
Project("{9A19103F-16F7-4668-BE54-9A1E7A4F7556}") = "Infrastructure.CrossCutting", "Infrastructure\Infrastructure.CrossCutting\Infrastructure.CrossCutting.csproj", "{2E5AD4E9-B005-452F-B69A-79D523DB5CBF}"
EndProject
Project("{9A19103F-16F7-4668-BE54-9A1E7A4F7556}") = "Data.Repository", "Data.Repository\Data.Repository.csproj", "{B8AA7D4C-750D-4A4D-A7D2-1E317EE3FA48}"
EndProject
Project("{2150E333-8FDC-42A3-9474-1A3956D46DE8}") = "2 - Application", "2 - Application", "{66C478C8-7003-4E89-9884-EC2CBD712ABA}"
EndProject
Project("{9A19103F-16F7-4668-BE54-9A1E7A4F7556}") = "Domain.Model", "Domain.Model\Domain.Model.csproj", "{6E42EBCD-1283-481C-A3A2-30CC0800BD48}"
EndProject
Project("{9A19103F-16F7-4668-BE54-9A1E7A4F7556}") = "Application.Dto", "Application.Dto\Application.Dto.csproj", "{BB80074A-F728-4D37-8B01-41D4FA502F9C}"
EndProject
Project("{2150E333-8FDC-42A3-9474-1A3956D46DE8}") = "6 - Client", "6 - Client", "{79E63199-25DD-4D75-934A-C791BAC5E798}"
EndProject
Project("{9A19103F-16F7-4668-BE54-9A1E7A4F7556}") = "Client.Http.Slack", "Client.Http.Slack\Client.Http.Slack.csproj", "{A26A6ACF-4534-4326-9243-EAF7FF9A4880}"
EndProject
Project("{9A19103F-16F7-4668-BE54-9A1E7A4F7556}") = "Data.Gateway", "Data.Gateway\Data.Gateway.csproj", "{FADE0E80-DDFF-4565-9015-9ED4F68C6244}"
EndProject
Project("{9A19103F-16F7-4668-BE54-9A1E7A4F7556}") = "Application.Queries", "Application.Queries\Application.Queries.csproj", "{A5F97582-C173-4189-852C-2B35A7D0628F}"
EndProject
Project("{9A19103F-16F7-4668-BE54-9A1E7A4F7556}") = "Application.Commands", "Application.Commands\Application.Commands.csproj", "{92970072-CDF0-4F06-8B55-BF73DB209E25}"
EndProject
Project("{9A19103F-16F7-4668-BE54-9A1E7A4F7556}") = "Data.QueryHandlers", "Data.QueryHandlers\Data.QueryHandlers.csproj", "{FF480208-EBCA-48DA-BB26-5F3425CBE38C}"
EndProject
Project("{9A19103F-16F7-4668-BE54-9A1E7A4F7556}") = "Data.CommandHandlers", "Data.CommandHandlers\Data.CommandHandlers.csproj", "{F11BA8D0-F263-4371-99C3-BC9C259F0E0E}"
EndProject
Project("{9A19103F-16F7-4668-BE54-9A1E7A4F7556}") = "Data.Services", "Data.Services\Data.Services.csproj", "{80B3ACB0-8944-4FD9-A6AF-9B2994B9E5CE}"
EndProject
Project("{9A19103F-16F7-4668-BE54-9A1E7A4F7556}") = "Application.Services", "Application.Services\Application.Services.csproj", "{BB686362-A781-41C6-BF6D-E6BF3EECA196}"
EndProject
Project("{9A19103F-16F7-4668-BE54-9A1E7A4F7556}") = "Data.Dbo", "Data.Dbo\Data.Dbo.csproj", "{32CFBF2B-E926-40F3-ADA9-5537AEA55FEB}"
EndProject
Project("{9A19103F-16F7-4668-BE54-9A1E7A4F7556}") = "Domain.Services", "Domain.Services\Domain.Services.csproj", "{EFE347CB-2E19-4286-90FF-2CC5FC89D0E2}"
EndProject
Global
	GlobalSection(SolutionConfigurationPlatforms) = preSolution
		Debug|Any CPU = Debug|Any CPU
		Release|Any CPU = Release|Any CPU
	EndGlobalSection
	GlobalSection(ProjectConfigurationPlatforms) = postSolution
		{839152E4-1F19-41DC-BC7E-CE09A32E5830}.Debug|Any CPU.ActiveCfg = Debug|Any CPU
		{839152E4-1F19-41DC-BC7E-CE09A32E5830}.Debug|Any CPU.Build.0 = Debug|Any CPU
		{839152E4-1F19-41DC-BC7E-CE09A32E5830}.Release|Any CPU.ActiveCfg = Release|Any CPU
		{839152E4-1F19-41DC-BC7E-CE09A32E5830}.Release|Any CPU.Build.0 = Release|Any CPU
		{2E5AD4E9-B005-452F-B69A-79D523DB5CBF}.Debug|Any CPU.ActiveCfg = Debug|Any CPU
		{2E5AD4E9-B005-452F-B69A-79D523DB5CBF}.Debug|Any CPU.Build.0 = Debug|Any CPU
		{2E5AD4E9-B005-452F-B69A-79D523DB5CBF}.Release|Any CPU.ActiveCfg = Release|Any CPU
		{2E5AD4E9-B005-452F-B69A-79D523DB5CBF}.Release|Any CPU.Build.0 = Release|Any CPU
		{B8AA7D4C-750D-4A4D-A7D2-1E317EE3FA48}.Debug|Any CPU.ActiveCfg = Debug|Any CPU
		{B8AA7D4C-750D-4A4D-A7D2-1E317EE3FA48}.Debug|Any CPU.Build.0 = Debug|Any CPU
		{B8AA7D4C-750D-4A4D-A7D2-1E317EE3FA48}.Release|Any CPU.ActiveCfg = Release|Any CPU
		{B8AA7D4C-750D-4A4D-A7D2-1E317EE3FA48}.Release|Any CPU.Build.0 = Release|Any CPU
		{6E42EBCD-1283-481C-A3A2-30CC0800BD48}.Debug|Any CPU.ActiveCfg = Debug|Any CPU
		{6E42EBCD-1283-481C-A3A2-30CC0800BD48}.Debug|Any CPU.Build.0 = Debug|Any CPU
		{6E42EBCD-1283-481C-A3A2-30CC0800BD48}.Release|Any CPU.ActiveCfg = Release|Any CPU
		{6E42EBCD-1283-481C-A3A2-30CC0800BD48}.Release|Any CPU.Build.0 = Release|Any CPU
		{BB80074A-F728-4D37-8B01-41D4FA502F9C}.Debug|Any CPU.ActiveCfg = Debug|Any CPU
		{BB80074A-F728-4D37-8B01-41D4FA502F9C}.Debug|Any CPU.Build.0 = Debug|Any CPU
		{BB80074A-F728-4D37-8B01-41D4FA502F9C}.Release|Any CPU.ActiveCfg = Release|Any CPU
		{BB80074A-F728-4D37-8B01-41D4FA502F9C}.Release|Any CPU.Build.0 = Release|Any CPU
		{A26A6ACF-4534-4326-9243-EAF7FF9A4880}.Debug|Any CPU.ActiveCfg = Debug|Any CPU
		{A26A6ACF-4534-4326-9243-EAF7FF9A4880}.Debug|Any CPU.Build.0 = Debug|Any CPU
		{A26A6ACF-4534-4326-9243-EAF7FF9A4880}.Release|Any CPU.ActiveCfg = Release|Any CPU
		{A26A6ACF-4534-4326-9243-EAF7FF9A4880}.Release|Any CPU.Build.0 = Release|Any CPU
		{FADE0E80-DDFF-4565-9015-9ED4F68C6244}.Debug|Any CPU.ActiveCfg = Debug|Any CPU
		{FADE0E80-DDFF-4565-9015-9ED4F68C6244}.Debug|Any CPU.Build.0 = Debug|Any CPU
		{FADE0E80-DDFF-4565-9015-9ED4F68C6244}.Release|Any CPU.ActiveCfg = Release|Any CPU
		{FADE0E80-DDFF-4565-9015-9ED4F68C6244}.Release|Any CPU.Build.0 = Release|Any CPU
		{A5F97582-C173-4189-852C-2B35A7D0628F}.Debug|Any CPU.ActiveCfg = Debug|Any CPU
		{A5F97582-C173-4189-852C-2B35A7D0628F}.Debug|Any CPU.Build.0 = Debug|Any CPU
		{A5F97582-C173-4189-852C-2B35A7D0628F}.Release|Any CPU.ActiveCfg = Release|Any CPU
		{A5F97582-C173-4189-852C-2B35A7D0628F}.Release|Any CPU.Build.0 = Release|Any CPU
		{92970072-CDF0-4F06-8B55-BF73DB209E25}.Debug|Any CPU.ActiveCfg = Debug|Any CPU
		{92970072-CDF0-4F06-8B55-BF73DB209E25}.Debug|Any CPU.Build.0 = Debug|Any CPU
		{92970072-CDF0-4F06-8B55-BF73DB209E25}.Release|Any CPU.ActiveCfg = Release|Any CPU
		{92970072-CDF0-4F06-8B55-BF73DB209E25}.Release|Any CPU.Build.0 = Release|Any CPU
		{FF480208-EBCA-48DA-BB26-5F3425CBE38C}.Debug|Any CPU.ActiveCfg = Debug|Any CPU
		{FF480208-EBCA-48DA-BB26-5F3425CBE38C}.Debug|Any CPU.Build.0 = Debug|Any CPU
		{FF480208-EBCA-48DA-BB26-5F3425CBE38C}.Release|Any CPU.ActiveCfg = Release|Any CPU
		{FF480208-EBCA-48DA-BB26-5F3425CBE38C}.Release|Any CPU.Build.0 = Release|Any CPU
		{F11BA8D0-F263-4371-99C3-BC9C259F0E0E}.Debug|Any CPU.ActiveCfg = Debug|Any CPU
		{F11BA8D0-F263-4371-99C3-BC9C259F0E0E}.Debug|Any CPU.Build.0 = Debug|Any CPU
		{F11BA8D0-F263-4371-99C3-BC9C259F0E0E}.Release|Any CPU.ActiveCfg = Release|Any CPU
		{F11BA8D0-F263-4371-99C3-BC9C259F0E0E}.Release|Any CPU.Build.0 = Release|Any CPU
		{80B3ACB0-8944-4FD9-A6AF-9B2994B9E5CE}.Debug|Any CPU.ActiveCfg = Debug|Any CPU
		{80B3ACB0-8944-4FD9-A6AF-9B2994B9E5CE}.Debug|Any CPU.Build.0 = Debug|Any CPU
		{80B3ACB0-8944-4FD9-A6AF-9B2994B9E5CE}.Release|Any CPU.ActiveCfg = Release|Any CPU
		{80B3ACB0-8944-4FD9-A6AF-9B2994B9E5CE}.Release|Any CPU.Build.0 = Release|Any CPU
		{BB686362-A781-41C6-BF6D-E6BF3EECA196}.Debug|Any CPU.ActiveCfg = Debug|Any CPU
		{BB686362-A781-41C6-BF6D-E6BF3EECA196}.Debug|Any CPU.Build.0 = Debug|Any CPU
		{BB686362-A781-41C6-BF6D-E6BF3EECA196}.Release|Any CPU.ActiveCfg = Release|Any CPU
		{BB686362-A781-41C6-BF6D-E6BF3EECA196}.Release|Any CPU.Build.0 = Release|Any CPU
		{32CFBF2B-E926-40F3-ADA9-5537AEA55FEB}.Debug|Any CPU.ActiveCfg = Debug|Any CPU
		{32CFBF2B-E926-40F3-ADA9-5537AEA55FEB}.Debug|Any CPU.Build.0 = Debug|Any CPU
		{32CFBF2B-E926-40F3-ADA9-5537AEA55FEB}.Release|Any CPU.ActiveCfg = Release|Any CPU
		{32CFBF2B-E926-40F3-ADA9-5537AEA55FEB}.Release|Any CPU.Build.0 = Release|Any CPU
		{EFE347CB-2E19-4286-90FF-2CC5FC89D0E2}.Debug|Any CPU.ActiveCfg = Debug|Any CPU
		{EFE347CB-2E19-4286-90FF-2CC5FC89D0E2}.Debug|Any CPU.Build.0 = Debug|Any CPU
		{EFE347CB-2E19-4286-90FF-2CC5FC89D0E2}.Release|Any CPU.ActiveCfg = Release|Any CPU
		{EFE347CB-2E19-4286-90FF-2CC5FC89D0E2}.Release|Any CPU.Build.0 = Release|Any CPU
	EndGlobalSection
	GlobalSection(SolutionProperties) = preSolution
		HideSolutionNode = FALSE
	EndGlobalSection
	GlobalSection(NestedProjects) = preSolution
		{839152E4-1F19-41DC-BC7E-CE09A32E5830} = {02CACB9B-486E-44C1-9EC2-50E029CB6FCE}
		{2E5AD4E9-B005-452F-B69A-79D523DB5CBF} = {7FD84A0D-3CCD-4E23-946E-16BE3844B271}
		{B8AA7D4C-750D-4A4D-A7D2-1E317EE3FA48} = {CDD2A8E4-827E-4475-AA55-C5B334A916F6}
		{6E42EBCD-1283-481C-A3A2-30CC0800BD48} = {5F69578B-B4CD-444B-AD90-B4B470C3E384}
		{BB80074A-F728-4D37-8B01-41D4FA502F9C} = {66C478C8-7003-4E89-9884-EC2CBD712ABA}
		{A26A6ACF-4534-4326-9243-EAF7FF9A4880} = {79E63199-25DD-4D75-934A-C791BAC5E798}
		{FADE0E80-DDFF-4565-9015-9ED4F68C6244} = {CDD2A8E4-827E-4475-AA55-C5B334A916F6}
		{A5F97582-C173-4189-852C-2B35A7D0628F} = {66C478C8-7003-4E89-9884-EC2CBD712ABA}
		{92970072-CDF0-4F06-8B55-BF73DB209E25} = {66C478C8-7003-4E89-9884-EC2CBD712ABA}
		{FF480208-EBCA-48DA-BB26-5F3425CBE38C} = {CDD2A8E4-827E-4475-AA55-C5B334A916F6}
		{F11BA8D0-F263-4371-99C3-BC9C259F0E0E} = {CDD2A8E4-827E-4475-AA55-C5B334A916F6}
		{80B3ACB0-8944-4FD9-A6AF-9B2994B9E5CE} = {CDD2A8E4-827E-4475-AA55-C5B334A916F6}
		{BB686362-A781-41C6-BF6D-E6BF3EECA196} = {66C478C8-7003-4E89-9884-EC2CBD712ABA}
		{32CFBF2B-E926-40F3-ADA9-5537AEA55FEB} = {CDD2A8E4-827E-4475-AA55-C5B334A916F6}
		{EFE347CB-2E19-4286-90FF-2CC5FC89D0E2} = {5F69578B-B4CD-444B-AD90-B4B470C3E384}
	EndGlobalSection
	GlobalSection(ExtensibilityGlobals) = postSolution
		SolutionGuid = {6683BB2A-9E9F-4F89-8AEF-5D1D6156FC40}
	EndGlobalSection
EndGlobal
